
Microsoft Visual Studio Solution File, Format Version 12.00
# Visual Studio Version 16
VisualStudioVersion = 16.0.34114.132
MinimumVisualStudioVersion = 10.0.40219.1
Project("{FAE04EC0-301F-11D3-BF4B-00C04F79EFBC}") = "Service", "Service\Service.csproj", "{0366DFDA-4FB8-4881-9DC1-196356C20798}"
EndProject
Project("{FAE04EC0-301F-11D3-BF4B-00C04F79EFBC}") = "Common", "Common\Common.csproj", "{DBA4685F-5D66-4EF5-BFE1-16A01213E2C0}"
EndProject
Project("{FAE04EC0-301F-11D3-BF4B-00C04F79EFBC}") = "Client", "Client\Client.csproj", "{0B87DB6D-B21B-43C4-8E83-CC138A19BBA8}"
EndProject
Global
	GlobalSection(SolutionConfigurationPlatforms) = preSolution
		Debug|Any CPU = Debug|Any CPU
		Release|Any CPU = Release|Any CPU
	EndGlobalSection
	GlobalSection(ProjectConfigurationPlatforms) = postSolution
		{0366DFDA-4FB8-4881-9DC1-196356C20798}.Debug|Any CPU.ActiveCfg = Debug|Any CPU
		{0366DFDA-4FB8-4881-9DC1-196356C20798}.Debug|Any CPU.Build.0 = Debug|Any CPU
		{0366DFDA-4FB8-4881-9DC1-196356C20798}.Release|Any CPU.ActiveCfg = Release|Any CPU
		{0366DFDA-4FB8-4881-9DC1-196356C20798}.Release|Any CPU.Build.0 = Release|Any CPU
		{DBA4685F-5D66-4EF5-BFE1-16A01213E2C0}.Debug|Any CPU.ActiveCfg = Debug|Any CPU
		{DBA4685F-5D66-4EF5-BFE1-16A01213E2C0}.Debug|Any CPU.Build.0 = Debug|Any CPU
		{DBA4685F-5D66-4EF5-BFE1-16A01213E2C0}.Release|Any CPU.ActiveCfg = Release|Any CPU
		{DBA4685F-5D66-4EF5-BFE1-16A01213E2C0}.Release|Any CPU.Build.0 = Release|Any CPU
		{0B87DB6D-B21B-43C4-8E83-CC138A19BBA8}.Debug|Any CPU.ActiveCfg = Debug|Any CPU
		{0B87DB6D-B21B-43C4-8E83-CC138A19BBA8}.Debug|Any CPU.Build.0 = Debug|Any CPU
		{0B87DB6D-B21B-43C4-8E83-CC138A19BBA8}.Release|Any CPU.ActiveCfg = Release|Any CPU
		{0B87DB6D-B21B-43C4-8E83-CC138A19BBA8}.Release|Any CPU.Build.0 = Release|Any CPU
	EndGlobalSection
	GlobalSection(SolutionProperties) = preSolution
		HideSolutionNode = FALSE
	EndGlobalSection
	GlobalSection(ExtensibilityGlobals) = postSolution
		SolutionGuid = {F0B9B8F9-0C8B-41B1-B88E-AE369E8B1017}
	EndGlobalSection
EndGlobal
